// !$*UTF8*$!
{
	archiveVersion = 1;
	classes = {
	};
	objectVersion = 56;
	objects = {

/* Begin PBXBuildFile section */
		3A11798F2905C8A10033F174 /* OrderOption.swift in Sources */ = {isa = PBXBuildFile; fileRef = 3A11798E2905C8A10033F174 /* OrderOption.swift */; };
		3A1179912905CC7E0033F174 /* DataRepository.swift in Sources */ = {isa = PBXBuildFile; fileRef = 3A1179902905CC7E0033F174 /* DataRepository.swift */; };
		3A1179932905CF0F0033F174 /* DataManager.swift in Sources */ = {isa = PBXBuildFile; fileRef = 3A1179922905CF0F0033F174 /* DataManager.swift */; };
		3A1179962905D9EB0033F174 /* UpdateDeleteViewController.swift in Sources */ = {isa = PBXBuildFile; fileRef = 3A1179952905D9EB0033F174 /* UpdateDeleteViewController.swift */; };
		3A2880E12902DB6700FBFB70 /* DefaultCRTestViewController.swift in Sources */ = {isa = PBXBuildFile; fileRef = 3A2880E02902DB6700FBFB70 /* DefaultCRTestViewController.swift */; };
		3A2880E52902FCDF00FBFB70 /* SortViewController.swift in Sources */ = {isa = PBXBuildFile; fileRef = 3A2880E42902FCDF00FBFB70 /* SortViewController.swift */; };
		3A2880E72902FEDB00FBFB70 /* SortViewController+.swift in Sources */ = {isa = PBXBuildFile; fileRef = 3A2880E62902FEDB00FBFB70 /* SortViewController+.swift */; };
		3A2880EF290350F500FBFB70 /* SortOption.swift in Sources */ = {isa = PBXBuildFile; fileRef = 3A2880EE290350F500FBFB70 /* SortOption.swift */; };
		3A2880F12903510700FBFB70 /* FilterOption.swift in Sources */ = {isa = PBXBuildFile; fileRef = 3A2880F02903510700FBFB70 /* FilterOption.swift */; };
		3A2880F82903E5E100FBFB70 /* Date+RandomDate.swift in Sources */ = {isa = PBXBuildFile; fileRef = 3A2880F72903E5E100FBFB70 /* Date+RandomDate.swift */; };
		3A70C3CD2901B13100BE11B5 /* PickerTestViewController.swift in Sources */ = {isa = PBXBuildFile; fileRef = 3A70C3CC2901B13100BE11B5 /* PickerTestViewController.swift */; };
		3A70C3D12901E4BE00BE11B5 /* Int+IntWithString.swift in Sources */ = {isa = PBXBuildFile; fileRef = 3A70C3D02901E4BE00BE11B5 /* Int+IntWithString.swift */; };
		3A70C3D32901F7E800BE11B5 /* VideoInfoForDummy.swift in Sources */ = {isa = PBXBuildFile; fileRef = 3A70C3D22901F7E800BE11B5 /* VideoInfoForDummy.swift */; };
		3AB796A829008FC100B15B28 /* EditAttribute.swift in Sources */ = {isa = PBXBuildFile; fileRef = 3AB796A729008FC100B15B28 /* EditAttribute.swift */; };
		3AE56AB729002D6F00CF0043 /* AppDelegate.swift in Sources */ = {isa = PBXBuildFile; fileRef = 3AE56AB629002D6F00CF0043 /* AppDelegate.swift */; };
		3AE56AB929002D6F00CF0043 /* SceneDelegate.swift in Sources */ = {isa = PBXBuildFile; fileRef = 3AE56AB829002D6F00CF0043 /* SceneDelegate.swift */; };
		3AE56ABB29002D7000CF0043 /* DefaultCRUDTestViewController.swift in Sources */ = {isa = PBXBuildFile; fileRef = 3AE56ABA29002D6F00CF0043 /* DefaultCRUDTestViewController.swift */; };
		3AE56AC129002D7000CF0043 /* CoreDataTestExample.xcdatamodeld in Sources */ = {isa = PBXBuildFile; fileRef = 3AE56ABF29002D7000CF0043 /* CoreDataTestExample.xcdatamodeld */; };
		3AE56AC329002D7100CF0043 /* Assets.xcassets in Resources */ = {isa = PBXBuildFile; fileRef = 3AE56AC229002D7100CF0043 /* Assets.xcassets */; };
		3AE56AC629002D7100CF0043 /* LaunchScreen.storyboard in Resources */ = {isa = PBXBuildFile; fileRef = 3AE56AC429002D7100CF0043 /* LaunchScreen.storyboard */; };
		3AE56AD329002EFD00CF0043 /* SnapKit in Frameworks */ = {isa = PBXBuildFile; productRef = 3AE56AD229002EFD00CF0043 /* SnapKit */; };
		3AE56AD529002F3100CF0043 /* VideoInfo.swift in Sources */ = {isa = PBXBuildFile; fileRef = 3AE56AD429002F3100CF0043 /* VideoInfo.swift */; };
		3AE56AD82900314200CF0043 /* CoreDataManager.swift in Sources */ = {isa = PBXBuildFile; fileRef = 3AE56AD72900314200CF0043 /* CoreDataManager.swift */; };
		3AE56AF72900728000CF0043 /* VideoInformation+CoreDataClass.swift in Sources */ = {isa = PBXBuildFile; fileRef = 3AE56AF52900728000CF0043 /* VideoInformation+CoreDataClass.swift */; };
		3AE56AF82900728000CF0043 /* VideoInformation+CoreDataProperties.swift in Sources */ = {isa = PBXBuildFile; fileRef = 3AE56AF62900728000CF0043 /* VideoInformation+CoreDataProperties.swift */; };
/* End PBXBuildFile section */

/* Begin PBXFileReference section */
		3A11798E2905C8A10033F174 /* OrderOption.swift */ = {isa = PBXFileReference; lastKnownFileType = sourcecode.swift; path = OrderOption.swift; sourceTree = "<group>"; };
		3A1179902905CC7E0033F174 /* DataRepository.swift */ = {isa = PBXFileReference; lastKnownFileType = sourcecode.swift; path = DataRepository.swift; sourceTree = "<group>"; };
		3A1179922905CF0F0033F174 /* DataManager.swift */ = {isa = PBXFileReference; lastKnownFileType = sourcecode.swift; path = DataManager.swift; sourceTree = "<group>"; };
		3A1179952905D9EB0033F174 /* UpdateDeleteViewController.swift */ = {isa = PBXFileReference; lastKnownFileType = sourcecode.swift; path = UpdateDeleteViewController.swift; sourceTree = "<group>"; };
		3A2880E02902DB6700FBFB70 /* DefaultCRTestViewController.swift */ = {isa = PBXFileReference; lastKnownFileType = sourcecode.swift; path = DefaultCRTestViewController.swift; sourceTree = "<group>"; };
		3A2880E42902FCDF00FBFB70 /* SortViewController.swift */ = {isa = PBXFileReference; lastKnownFileType = sourcecode.swift; path = SortViewController.swift; sourceTree = "<group>"; };
		3A2880E62902FEDB00FBFB70 /* SortViewController+.swift */ = {isa = PBXFileReference; lastKnownFileType = sourcecode.swift; path = "SortViewController+.swift"; sourceTree = "<group>"; };
		3A2880EE290350F500FBFB70 /* SortOption.swift */ = {isa = PBXFileReference; lastKnownFileType = sourcecode.swift; path = SortOption.swift; sourceTree = "<group>"; };
		3A2880F02903510700FBFB70 /* FilterOption.swift */ = {isa = PBXFileReference; lastKnownFileType = sourcecode.swift; path = FilterOption.swift; sourceTree = "<group>"; };
		3A2880F72903E5E100FBFB70 /* Date+RandomDate.swift */ = {isa = PBXFileReference; lastKnownFileType = sourcecode.swift; path = "Date+RandomDate.swift"; sourceTree = "<group>"; };
		3A70C3CC2901B13100BE11B5 /* PickerTestViewController.swift */ = {isa = PBXFileReference; lastKnownFileType = sourcecode.swift; path = PickerTestViewController.swift; sourceTree = "<group>"; };
		3A70C3D02901E4BE00BE11B5 /* Int+IntWithString.swift */ = {isa = PBXFileReference; lastKnownFileType = sourcecode.swift; path = "Int+IntWithString.swift"; sourceTree = "<group>"; };
		3A70C3D22901F7E800BE11B5 /* VideoInfoForDummy.swift */ = {isa = PBXFileReference; lastKnownFileType = sourcecode.swift; path = VideoInfoForDummy.swift; sourceTree = "<group>"; };
		3AB796A729008FC100B15B28 /* EditAttribute.swift */ = {isa = PBXFileReference; lastKnownFileType = sourcecode.swift; path = EditAttribute.swift; sourceTree = "<group>"; };
		3AE56AB329002D6F00CF0043 /* CoreDataTestExample.app */ = {isa = PBXFileReference; explicitFileType = wrapper.application; includeInIndex = 0; path = CoreDataTestExample.app; sourceTree = BUILT_PRODUCTS_DIR; };
		3AE56AB629002D6F00CF0043 /* AppDelegate.swift */ = {isa = PBXFileReference; lastKnownFileType = sourcecode.swift; path = AppDelegate.swift; sourceTree = "<group>"; };
		3AE56AB829002D6F00CF0043 /* SceneDelegate.swift */ = {isa = PBXFileReference; lastKnownFileType = sourcecode.swift; path = SceneDelegate.swift; sourceTree = "<group>"; };
		3AE56ABA29002D6F00CF0043 /* DefaultCRUDTestViewController.swift */ = {isa = PBXFileReference; lastKnownFileType = sourcecode.swift; path = DefaultCRUDTestViewController.swift; sourceTree = "<group>"; };
		3AE56AC029002D7000CF0043 /* CoreDataTestExample.xcdatamodel */ = {isa = PBXFileReference; lastKnownFileType = wrapper.xcdatamodel; path = CoreDataTestExample.xcdatamodel; sourceTree = "<group>"; };
		3AE56AC229002D7100CF0043 /* Assets.xcassets */ = {isa = PBXFileReference; lastKnownFileType = folder.assetcatalog; path = Assets.xcassets; sourceTree = "<group>"; };
		3AE56AC529002D7100CF0043 /* Base */ = {isa = PBXFileReference; lastKnownFileType = file.storyboard; name = Base; path = Base.lproj/LaunchScreen.storyboard; sourceTree = "<group>"; };
		3AE56AC729002D7100CF0043 /* Info.plist */ = {isa = PBXFileReference; lastKnownFileType = text.plist.xml; path = Info.plist; sourceTree = "<group>"; };
		3AE56AD429002F3100CF0043 /* VideoInfo.swift */ = {isa = PBXFileReference; lastKnownFileType = sourcecode.swift; path = VideoInfo.swift; sourceTree = "<group>"; };
		3AE56AD72900314200CF0043 /* CoreDataManager.swift */ = {isa = PBXFileReference; lastKnownFileType = sourcecode.swift; path = CoreDataManager.swift; sourceTree = "<group>"; };
		3AE56AF52900728000CF0043 /* VideoInformation+CoreDataClass.swift */ = {isa = PBXFileReference; lastKnownFileType = sourcecode.swift; name = "VideoInformation+CoreDataClass.swift"; path = "CoreDataTestExample/VideoInformation+CoreDataClass.swift"; sourceTree = "<group>"; };
		3AE56AF62900728000CF0043 /* VideoInformation+CoreDataProperties.swift */ = {isa = PBXFileReference; lastKnownFileType = sourcecode.swift; name = "VideoInformation+CoreDataProperties.swift"; path = "CoreDataTestExample/VideoInformation+CoreDataProperties.swift"; sourceTree = "<group>"; };
/* End PBXFileReference section */

/* Begin PBXFrameworksBuildPhase section */
		3AE56AB029002D6F00CF0043 /* Frameworks */ = {
			isa = PBXFrameworksBuildPhase;
			buildActionMask = 2147483647;
			files = (
				3AE56AD329002EFD00CF0043 /* SnapKit in Frameworks */,
			);
			runOnlyForDeploymentPostprocessing = 0;
		};
/* End PBXFrameworksBuildPhase section */

/* Begin PBXGroup section */
		3A1179942905D9CA0033F174 /* CoreData-UpdateDelete */ = {
			isa = PBXGroup;
			children = (
				3A1179952905D9EB0033F174 /* UpdateDeleteViewController.swift */,
			);
			path = "CoreData-UpdateDelete";
			sourceTree = "<group>";
		};
		3A2880F22903514A00FBFB70 /* CoreData-Sort */ = {
			isa = PBXGroup;
			children = (
				3A2880E42902FCDF00FBFB70 /* SortViewController.swift */,
				3A2880E62902FEDB00FBFB70 /* SortViewController+.swift */,
			);
			path = "CoreData-Sort";
			sourceTree = "<group>";
		};
		3A2880F32903517200FBFB70 /* CoreData-CRUD */ = {
			isa = PBXGroup;
			children = (
				3A2880E02902DB6700FBFB70 /* DefaultCRTestViewController.swift */,
				3AE56ABA29002D6F00CF0043 /* DefaultCRUDTestViewController.swift */,
			);
			path = "CoreData-CRUD";
			sourceTree = "<group>";
		};
		3A2880F42903518700FBFB70 /* CoreData-WithPicker */ = {
			isa = PBXGroup;
			children = (
				3A70C3CC2901B13100BE11B5 /* PickerTestViewController.swift */,
			);
			path = "CoreData-WithPicker";
			sourceTree = "<group>";
		};
		3A70C3C72901ADE500BE11B5 /* Extension */ = {
			isa = PBXGroup;
			children = (
				3A70C3D02901E4BE00BE11B5 /* Int+IntWithString.swift */,
				3A2880F72903E5E100FBFB70 /* Date+RandomDate.swift */,
			);
			path = Extension;
			sourceTree = "<group>";
		};
		3AE56AAA29002D6F00CF0043 = {
			isa = PBXGroup;
			children = (
				3AE56AF52900728000CF0043 /* VideoInformation+CoreDataClass.swift */,
				3AE56AF62900728000CF0043 /* VideoInformation+CoreDataProperties.swift */,
				3AE56AB529002D6F00CF0043 /* CoreDataTestExample */,
				3AE56AB429002D6F00CF0043 /* Products */,
			);
			sourceTree = "<group>";
		};
		3AE56AB429002D6F00CF0043 /* Products */ = {
			isa = PBXGroup;
			children = (
				3AE56AB329002D6F00CF0043 /* CoreDataTestExample.app */,
			);
			name = Products;
			sourceTree = "<group>";
		};
		3AE56AB529002D6F00CF0043 /* CoreDataTestExample */ = {
			isa = PBXGroup;
			children = (
				3A70C3C72901ADE500BE11B5 /* Extension */,
				3AE56AD629002F5300CF0043 /* Model */,
				3AE56AB629002D6F00CF0043 /* AppDelegate.swift */,
				3AE56AB829002D6F00CF0043 /* SceneDelegate.swift */,
				3A2880F32903517200FBFB70 /* CoreData-CRUD */,
				3A2880F22903514A00FBFB70 /* CoreData-Sort */,
				3A1179942905D9CA0033F174 /* CoreData-UpdateDelete */,
				3A2880F42903518700FBFB70 /* CoreData-WithPicker */,
				3AE56AC229002D7100CF0043 /* Assets.xcassets */,
				3AE56AC429002D7100CF0043 /* LaunchScreen.storyboard */,
				3AE56AC729002D7100CF0043 /* Info.plist */,
				3AE56ABF29002D7000CF0043 /* CoreDataTestExample.xcdatamodeld */,
			);
			path = CoreDataTestExample;
			sourceTree = "<group>";
		};
		3AE56AD629002F5300CF0043 /* Model */ = {
			isa = PBXGroup;
			children = (
				3AE56AD429002F3100CF0043 /* VideoInfo.swift */,
				3A70C3D22901F7E800BE11B5 /* VideoInfoForDummy.swift */,
				3A1179902905CC7E0033F174 /* DataRepository.swift */,
				3AE56AD72900314200CF0043 /* CoreDataManager.swift */,
				3A1179922905CF0F0033F174 /* DataManager.swift */,
				3AB796A729008FC100B15B28 /* EditAttribute.swift */,
				3A2880EE290350F500FBFB70 /* SortOption.swift */,
				3A2880F02903510700FBFB70 /* FilterOption.swift */,
				3A11798E2905C8A10033F174 /* OrderOption.swift */,
			);
			path = Model;
			sourceTree = "<group>";
		};
/* End PBXGroup section */

/* Begin PBXNativeTarget section */
		3AE56AB229002D6F00CF0043 /* CoreDataTestExample */ = {
			isa = PBXNativeTarget;
			buildConfigurationList = 3AE56ACA29002D7100CF0043 /* Build configuration list for PBXNativeTarget "CoreDataTestExample" */;
			buildPhases = (
				3AE56AAF29002D6F00CF0043 /* Sources */,
				3AE56AB029002D6F00CF0043 /* Frameworks */,
				3AE56AB129002D6F00CF0043 /* Resources */,
			);
			buildRules = (
			);
			dependencies = (
			);
			name = CoreDataTestExample;
			packageProductDependencies = (
				3AE56AD229002EFD00CF0043 /* SnapKit */,
			);
			productName = CoreDataTestExample;
			productReference = 3AE56AB329002D6F00CF0043 /* CoreDataTestExample.app */;
			productType = "com.apple.product-type.application";
		};
/* End PBXNativeTarget section */

/* Begin PBXProject section */
		3AE56AAB29002D6F00CF0043 /* Project object */ = {
			isa = PBXProject;
			attributes = {
				BuildIndependentTargetsInParallel = 1;
				LastSwiftUpdateCheck = 1400;
				LastUpgradeCheck = 1400;
				TargetAttributes = {
					3AE56AB229002D6F00CF0043 = {
						CreatedOnToolsVersion = 14.0.1;
					};
				};
			};
			buildConfigurationList = 3AE56AAE29002D6F00CF0043 /* Build configuration list for PBXProject "CoreDataTestExample" */;
			compatibilityVersion = "Xcode 14.0";
			developmentRegion = en;
			hasScannedForEncodings = 0;
			knownRegions = (
				en,
				Base,
			);
			mainGroup = 3AE56AAA29002D6F00CF0043;
			packageReferences = (
				3AE56AD129002EFD00CF0043 /* XCRemoteSwiftPackageReference "SnapKit" */,
			);
			productRefGroup = 3AE56AB429002D6F00CF0043 /* Products */;
			projectDirPath = "";
			projectRoot = "";
			targets = (
				3AE56AB229002D6F00CF0043 /* CoreDataTestExample */,
			);
		};
/* End PBXProject section */

/* Begin PBXResourcesBuildPhase section */
		3AE56AB129002D6F00CF0043 /* Resources */ = {
			isa = PBXResourcesBuildPhase;
			buildActionMask = 2147483647;
			files = (
				3AE56AC629002D7100CF0043 /* LaunchScreen.storyboard in Resources */,
				3AE56AC329002D7100CF0043 /* Assets.xcassets in Resources */,
			);
			runOnlyForDeploymentPostprocessing = 0;
		};
/* End PBXResourcesBuildPhase section */

/* Begin PBXSourcesBuildPhase section */
		3AE56AAF29002D6F00CF0043 /* Sources */ = {
			isa = PBXSourcesBuildPhase;
			buildActionMask = 2147483647;
			files = (
				3A2880F12903510700FBFB70 /* FilterOption.swift in Sources */,
				3A1179912905CC7E0033F174 /* DataRepository.swift in Sources */,
				3AE56ABB29002D7000CF0043 /* DefaultCRUDTestViewController.swift in Sources */,
				3A2880F82903E5E100FBFB70 /* Date+RandomDate.swift in Sources */,
				3A1179962905D9EB0033F174 /* UpdateDeleteViewController.swift in Sources */,
				3A2880E12902DB6700FBFB70 /* DefaultCRTestViewController.swift in Sources */,
				3AE56AB729002D6F00CF0043 /* AppDelegate.swift in Sources */,
				3A2880E52902FCDF00FBFB70 /* SortViewController.swift in Sources */,
				3A70C3CD2901B13100BE11B5 /* PickerTestViewController.swift in Sources */,
				3AE56AC129002D7000CF0043 /* CoreDataTestExample.xcdatamodeld in Sources */,
				3A11798F2905C8A10033F174 /* OrderOption.swift in Sources */,
				3A1179932905CF0F0033F174 /* DataManager.swift in Sources */,
				3AE56AB929002D6F00CF0043 /* SceneDelegate.swift in Sources */,
				3AE56AF82900728000CF0043 /* VideoInformation+CoreDataProperties.swift in Sources */,
				3A70C3D12901E4BE00BE11B5 /* Int+IntWithString.swift in Sources */,
				3AE56AF72900728000CF0043 /* VideoInformation+CoreDataClass.swift in Sources */,
				3A2880EF290350F500FBFB70 /* SortOption.swift in Sources */,
				3A2880E72902FEDB00FBFB70 /* SortViewController+.swift in Sources */,
				3A70C3D32901F7E800BE11B5 /* VideoInfoForDummy.swift in Sources */,
				3AE56AD82900314200CF0043 /* CoreDataManager.swift in Sources */,
				3AB796A829008FC100B15B28 /* EditAttribute.swift in Sources */,
				3AE56AD529002F3100CF0043 /* VideoInfo.swift in Sources */,
			);
			runOnlyForDeploymentPostprocessing = 0;
		};
/* End PBXSourcesBuildPhase section */

/* Begin PBXVariantGroup section */
		3AE56AC429002D7100CF0043 /* LaunchScreen.storyboard */ = {
			isa = PBXVariantGroup;
			children = (
				3AE56AC529002D7100CF0043 /* Base */,
			);
			name = LaunchScreen.storyboard;
			sourceTree = "<group>";
		};
/* End PBXVariantGroup section */

/* Begin XCBuildConfiguration section */
		3AE56AC829002D7100CF0043 /* Debug */ = {
			isa = XCBuildConfiguration;
			buildSettings = {
				ALWAYS_SEARCH_USER_PATHS = NO;
				CLANG_ANALYZER_NONNULL = YES;
				CLANG_ANALYZER_NUMBER_OBJECT_CONVERSION = YES_AGGRESSIVE;
				CLANG_CXX_LANGUAGE_STANDARD = "gnu++20";
				CLANG_ENABLE_MODULES = YES;
				CLANG_ENABLE_OBJC_ARC = YES;
				CLANG_ENABLE_OBJC_WEAK = YES;
				CLANG_WARN_BLOCK_CAPTURE_AUTORELEASING = YES;
				CLANG_WARN_BOOL_CONVERSION = YES;
				CLANG_WARN_COMMA = YES;
				CLANG_WARN_CONSTANT_CONVERSION = YES;
				CLANG_WARN_DEPRECATED_OBJC_IMPLEMENTATIONS = YES;
				CLANG_WARN_DIRECT_OBJC_ISA_USAGE = YES_ERROR;
				CLANG_WARN_DOCUMENTATION_COMMENTS = YES;
				CLANG_WARN_EMPTY_BODY = YES;
				CLANG_WARN_ENUM_CONVERSION = YES;
				CLANG_WARN_INFINITE_RECURSION = YES;
				CLANG_WARN_INT_CONVERSION = YES;
				CLANG_WARN_NON_LITERAL_NULL_CONVERSION = YES;
				CLANG_WARN_OBJC_IMPLICIT_RETAIN_SELF = YES;
				CLANG_WARN_OBJC_LITERAL_CONVERSION = YES;
				CLANG_WARN_OBJC_ROOT_CLASS = YES_ERROR;
				CLANG_WARN_QUOTED_INCLUDE_IN_FRAMEWORK_HEADER = YES;
				CLANG_WARN_RANGE_LOOP_ANALYSIS = YES;
				CLANG_WARN_STRICT_PROTOTYPES = YES;
				CLANG_WARN_SUSPICIOUS_MOVE = YES;
				CLANG_WARN_UNGUARDED_AVAILABILITY = YES_AGGRESSIVE;
				CLANG_WARN_UNREACHABLE_CODE = YES;
				CLANG_WARN__DUPLICATE_METHOD_MATCH = YES;
				COPY_PHASE_STRIP = NO;
				DEBUG_INFORMATION_FORMAT = dwarf;
				ENABLE_STRICT_OBJC_MSGSEND = YES;
				ENABLE_TESTABILITY = YES;
				GCC_C_LANGUAGE_STANDARD = gnu11;
				GCC_DYNAMIC_NO_PIC = NO;
				GCC_NO_COMMON_BLOCKS = YES;
				GCC_OPTIMIZATION_LEVEL = 0;
				GCC_PREPROCESSOR_DEFINITIONS = (
					"DEBUG=1",
					"$(inherited)",
				);
				GCC_WARN_64_TO_32_BIT_CONVERSION = YES;
				GCC_WARN_ABOUT_RETURN_TYPE = YES_ERROR;
				GCC_WARN_UNDECLARED_SELECTOR = YES;
				GCC_WARN_UNINITIALIZED_AUTOS = YES_AGGRESSIVE;
				GCC_WARN_UNUSED_FUNCTION = YES;
				GCC_WARN_UNUSED_VARIABLE = YES;
				IPHONEOS_DEPLOYMENT_TARGET = 16.0;
				MTL_ENABLE_DEBUG_INFO = INCLUDE_SOURCE;
				MTL_FAST_MATH = YES;
				ONLY_ACTIVE_ARCH = YES;
				SDKROOT = iphoneos;
				SWIFT_ACTIVE_COMPILATION_CONDITIONS = DEBUG;
				SWIFT_OPTIMIZATION_LEVEL = "-Onone";
			};
			name = Debug;
		};
		3AE56AC929002D7100CF0043 /* Release */ = {
			isa = XCBuildConfiguration;
			buildSettings = {
				ALWAYS_SEARCH_USER_PATHS = NO;
				CLANG_ANALYZER_NONNULL = YES;
				CLANG_ANALYZER_NUMBER_OBJECT_CONVERSION = YES_AGGRESSIVE;
				CLANG_CXX_LANGUAGE_STANDARD = "gnu++20";
				CLANG_ENABLE_MODULES = YES;
				CLANG_ENABLE_OBJC_ARC = YES;
				CLANG_ENABLE_OBJC_WEAK = YES;
				CLANG_WARN_BLOCK_CAPTURE_AUTORELEASING = YES;
				CLANG_WARN_BOOL_CONVERSION = YES;
				CLANG_WARN_COMMA = YES;
				CLANG_WARN_CONSTANT_CONVERSION = YES;
				CLANG_WARN_DEPRECATED_OBJC_IMPLEMENTATIONS = YES;
				CLANG_WARN_DIRECT_OBJC_ISA_USAGE = YES_ERROR;
				CLANG_WARN_DOCUMENTATION_COMMENTS = YES;
				CLANG_WARN_EMPTY_BODY = YES;
				CLANG_WARN_ENUM_CONVERSION = YES;
				CLANG_WARN_INFINITE_RECURSION = YES;
				CLANG_WARN_INT_CONVERSION = YES;
				CLANG_WARN_NON_LITERAL_NULL_CONVERSION = YES;
				CLANG_WARN_OBJC_IMPLICIT_RETAIN_SELF = YES;
				CLANG_WARN_OBJC_LITERAL_CONVERSION = YES;
				CLANG_WARN_OBJC_ROOT_CLASS = YES_ERROR;
				CLANG_WARN_QUOTED_INCLUDE_IN_FRAMEWORK_HEADER = YES;
				CLANG_WARN_RANGE_LOOP_ANALYSIS = YES;
				CLANG_WARN_STRICT_PROTOTYPES = YES;
				CLANG_WARN_SUSPICIOUS_MOVE = YES;
				CLANG_WARN_UNGUARDED_AVAILABILITY = YES_AGGRESSIVE;
				CLANG_WARN_UNREACHABLE_CODE = YES;
				CLANG_WARN__DUPLICATE_METHOD_MATCH = YES;
				COPY_PHASE_STRIP = NO;
				DEBUG_INFORMATION_FORMAT = "dwarf-with-dsym";
				ENABLE_NS_ASSERTIONS = NO;
				ENABLE_STRICT_OBJC_MSGSEND = YES;
				GCC_C_LANGUAGE_STANDARD = gnu11;
				GCC_NO_COMMON_BLOCKS = YES;
				GCC_WARN_64_TO_32_BIT_CONVERSION = YES;
				GCC_WARN_ABOUT_RETURN_TYPE = YES_ERROR;
				GCC_WARN_UNDECLARED_SELECTOR = YES;
				GCC_WARN_UNINITIALIZED_AUTOS = YES_AGGRESSIVE;
				GCC_WARN_UNUSED_FUNCTION = YES;
				GCC_WARN_UNUSED_VARIABLE = YES;
				IPHONEOS_DEPLOYMENT_TARGET = 16.0;
				MTL_ENABLE_DEBUG_INFO = NO;
				MTL_FAST_MATH = YES;
				SDKROOT = iphoneos;
				SWIFT_COMPILATION_MODE = wholemodule;
				SWIFT_OPTIMIZATION_LEVEL = "-O";
				VALIDATE_PRODUCT = YES;
			};
			name = Release;
		};
		3AE56ACB29002D7100CF0043 /* Debug */ = {
			isa = XCBuildConfiguration;
			buildSettings = {
				ASSETCATALOG_COMPILER_APPICON_NAME = AppIcon;
				ASSETCATALOG_COMPILER_GLOBAL_ACCENT_COLOR_NAME = AccentColor;
				CODE_SIGN_STYLE = Automatic;
				CURRENT_PROJECT_VERSION = 1;
				DEVELOPMENT_TEAM = UAM52RQFW9;
				GENERATE_INFOPLIST_FILE = YES;
				INFOPLIST_FILE = CoreDataTestExample/Info.plist;
				INFOPLIST_KEY_UIApplicationSupportsIndirectInputEvents = YES;
				INFOPLIST_KEY_UILaunchStoryboardName = LaunchScreen;
				INFOPLIST_KEY_UIMainStoryboardFile = Main;
				INFOPLIST_KEY_UISupportedInterfaceOrientations_iPad = "UIInterfaceOrientationPortrait UIInterfaceOrientationPortraitUpsideDown UIInterfaceOrientationLandscapeLeft UIInterfaceOrientationLandscapeRight";
				INFOPLIST_KEY_UISupportedInterfaceOrientations_iPhone = "UIInterfaceOrientationPortrait UIInterfaceOrientationLandscapeLeft UIInterfaceOrientationLandscapeRight";
				LD_RUNPATH_SEARCH_PATHS = (
					"$(inherited)",
					"@executable_path/Frameworks",
				);
				MARKETING_VERSION = 1.0;
				PRODUCT_BUNDLE_IDENTIFIER = com.jhHwang.CoreDataTestExample;
				PRODUCT_NAME = "$(TARGET_NAME)";
				SWIFT_EMIT_LOC_STRINGS = YES;
				SWIFT_VERSION = 5.0;
				TARGETED_DEVICE_FAMILY = "1,2";
			};
			name = Debug;
		};
		3AE56ACC29002D7100CF0043 /* Release */ = {
			isa = XCBuildConfiguration;
			buildSettings = {
				ASSETCATALOG_COMPILER_APPICON_NAME = AppIcon;
				ASSETCATALOG_COMPILER_GLOBAL_ACCENT_COLOR_NAME = AccentColor;
				CODE_SIGN_STYLE = Automatic;
				CURRENT_PROJECT_VERSION = 1;
				DEVELOPMENT_TEAM = UAM52RQFW9;
				GENERATE_INFOPLIST_FILE = YES;
				INFOPLIST_FILE = CoreDataTestExample/Info.plist;
				INFOPLIST_KEY_UIApplicationSupportsIndirectInputEvents = YES;
				INFOPLIST_KEY_UILaunchStoryboardName = LaunchScreen;
				INFOPLIST_KEY_UIMainStoryboardFile = Main;
				INFOPLIST_KEY_UISupportedInterfaceOrientations_iPad = "UIInterfaceOrientationPortrait UIInterfaceOrientationPortraitUpsideDown UIInterfaceOrientationLandscapeLeft UIInterfaceOrientationLandscapeRight";
				INFOPLIST_KEY_UISupportedInterfaceOrientations_iPhone = "UIInterfaceOrientationPortrait UIInterfaceOrientationLandscapeLeft UIInterfaceOrientationLandscapeRight";
				LD_RUNPATH_SEARCH_PATHS = (
					"$(inherited)",
					"@executable_path/Frameworks",
				);
				MARKETING_VERSION = 1.0;
				PRODUCT_BUNDLE_IDENTIFIER = com.jhHwang.CoreDataTestExample;
				PRODUCT_NAME = "$(TARGET_NAME)";
				SWIFT_EMIT_LOC_STRINGS = YES;
				SWIFT_VERSION = 5.0;
				TARGETED_DEVICE_FAMILY = "1,2";
			};
			name = Release;
		};
/* End XCBuildConfiguration section */

/* Begin XCConfigurationList section */
		3AE56AAE29002D6F00CF0043 /* Build configuration list for PBXProject "CoreDataTestExample" */ = {
			isa = XCConfigurationList;
			buildConfigurations = (
				3AE56AC829002D7100CF0043 /* Debug */,
				3AE56AC929002D7100CF0043 /* Release */,
			);
			defaultConfigurationIsVisible = 0;
			defaultConfigurationName = Release;
		};
		3AE56ACA29002D7100CF0043 /* Build configuration list for PBXNativeTarget "CoreDataTestExample" */ = {
			isa = XCConfigurationList;
			buildConfigurations = (
				3AE56ACB29002D7100CF0043 /* Debug */,
				3AE56ACC29002D7100CF0043 /* Release */,
			);
			defaultConfigurationIsVisible = 0;
			defaultConfigurationName = Release;
		};
/* End XCConfigurationList section */

/* Begin XCRemoteSwiftPackageReference section */
		3AE56AD129002EFD00CF0043 /* XCRemoteSwiftPackageReference "SnapKit" */ = {
			isa = XCRemoteSwiftPackageReference;
			repositoryURL = "https://github.com/SnapKit/SnapKit";
			requirement = {
				branch = develop;
				kind = branch;
			};
		};
/* End XCRemoteSwiftPackageReference section */

/* Begin XCSwiftPackageProductDependency section */
		3AE56AD229002EFD00CF0043 /* SnapKit */ = {
			isa = XCSwiftPackageProductDependency;
			package = 3AE56AD129002EFD00CF0043 /* XCRemoteSwiftPackageReference "SnapKit" */;
			productName = SnapKit;
		};
/* End XCSwiftPackageProductDependency section */

/* Begin XCVersionGroup section */
		3AE56ABF29002D7000CF0043 /* CoreDataTestExample.xcdatamodeld */ = {
			isa = XCVersionGroup;
			children = (
				3AE56AC029002D7000CF0043 /* CoreDataTestExample.xcdatamodel */,
			);
			currentVersion = 3AE56AC029002D7000CF0043 /* CoreDataTestExample.xcdatamodel */;
			path = CoreDataTestExample.xcdatamodeld;
			sourceTree = "<group>";
			versionGroupType = wrapper.xcdatamodel;
		};
/* End XCVersionGroup section */
	};
	rootObject = 3AE56AAB29002D6F00CF0043 /* Project object */;
}
